
Microsoft Visual Studio Solution File, Format Version 12.00
# Visual Studio Version 17
VisualStudioVersion = 17.0.32112.339
MinimumVisualStudioVersion = 10.0.40219.1
Project("{9A19103F-16F7-4668-BE54-9A1E7A4F7556}") = "FrontEnd", "FrontEnd\FrontEnd.csproj", "{B85B16BC-C3E0-403B-8A53-BB5F2DEF51D8}"
EndProject
Project("{9A19103F-16F7-4668-BE54-9A1E7A4F7556}") = "Tests", "Tests\Tests.csproj", "{EEF22EB1-B0AD-4F77-B529-F0B3606D367F}"
EndProject
Project("{9A19103F-16F7-4668-BE54-9A1E7A4F7556}") = "Domain", "Domain\Domain.csproj", "{EAE9D819-963F-45C6-AB2D-D5E2BF807CC0}"
EndProject
Project("{9A19103F-16F7-4668-BE54-9A1E7A4F7556}") = "DomainImplementation", "DomainImplementation\DomainImplementation.csproj", "{991EDF6F-5D86-4D32-ABDF-FD6B93E2FF68}"
EndProject
Project("{9A19103F-16F7-4668-BE54-9A1E7A4F7556}") = "Dispatcher", "Dispatcher\Dispatcher.csproj", "{4ED5EA46-F9D5-4F7A-A8A8-4EF5A6D069C4}"
EndProject
Project("{FAE04EC0-301F-11D3-BF4B-00C04F79EFBC}") = "SimulatedDrone", "SimulatedDrone\SimulatedDrone.csproj", "{C21B4C9A-7DF6-4FD2-9E53-C5ED22178FC5}"
EndProject
Project("{2150E333-8FDC-42A3-9474-1A3956D46DE8}") = "OpenDroneDispatchAPI", "OpenDroneDispatchAPI", "{0A6681A9-F47B-43A1-898C-11AB95118561}"
EndProject
Project("{2150E333-8FDC-42A3-9474-1A3956D46DE8}") = "ImplementationExample", "ImplementationExample", "{EAA0D9E3-8F13-4D48-BB7A-3C0AD2B40F4C}"
EndProject
Project("{FAE04EC0-301F-11D3-BF4B-00C04F79EFBC}") = "SimDrone", "SimDrone\SimDrone.csproj", "{9E817209-D73B-4FAF-B33F-605EA503DCAA}"
EndProject
Project("{FAE04EC0-301F-11D3-BF4B-00C04F79EFBC}") = "Dispatch", "Dispatch\Dispatch.csproj", "{CDEF3460-5AE5-4368-8BC2-A01C4A976D1A}"
EndProject
Global
	GlobalSection(SolutionConfigurationPlatforms) = preSolution
		Debug|Any CPU = Debug|Any CPU
		Release|Any CPU = Release|Any CPU
	EndGlobalSection
	GlobalSection(ProjectConfigurationPlatforms) = postSolution
		{B85B16BC-C3E0-403B-8A53-BB5F2DEF51D8}.Debug|Any CPU.ActiveCfg = Debug|Any CPU
		{B85B16BC-C3E0-403B-8A53-BB5F2DEF51D8}.Debug|Any CPU.Build.0 = Debug|Any CPU
		{B85B16BC-C3E0-403B-8A53-BB5F2DEF51D8}.Release|Any CPU.ActiveCfg = Release|Any CPU
		{B85B16BC-C3E0-403B-8A53-BB5F2DEF51D8}.Release|Any CPU.Build.0 = Release|Any CPU
		{EEF22EB1-B0AD-4F77-B529-F0B3606D367F}.Debug|Any CPU.ActiveCfg = Debug|Any CPU
		{EEF22EB1-B0AD-4F77-B529-F0B3606D367F}.Debug|Any CPU.Build.0 = Debug|Any CPU
		{EEF22EB1-B0AD-4F77-B529-F0B3606D367F}.Release|Any CPU.ActiveCfg = Release|Any CPU
		{EEF22EB1-B0AD-4F77-B529-F0B3606D367F}.Release|Any CPU.Build.0 = Release|Any CPU
		{EAE9D819-963F-45C6-AB2D-D5E2BF807CC0}.Debug|Any CPU.ActiveCfg = Debug|Any CPU
		{EAE9D819-963F-45C6-AB2D-D5E2BF807CC0}.Debug|Any CPU.Build.0 = Debug|Any CPU
		{EAE9D819-963F-45C6-AB2D-D5E2BF807CC0}.Release|Any CPU.ActiveCfg = Release|Any CPU
		{EAE9D819-963F-45C6-AB2D-D5E2BF807CC0}.Release|Any CPU.Build.0 = Release|Any CPU
		{991EDF6F-5D86-4D32-ABDF-FD6B93E2FF68}.Debug|Any CPU.ActiveCfg = Debug|Any CPU
		{991EDF6F-5D86-4D32-ABDF-FD6B93E2FF68}.Debug|Any CPU.Build.0 = Debug|Any CPU
		{991EDF6F-5D86-4D32-ABDF-FD6B93E2FF68}.Release|Any CPU.ActiveCfg = Release|Any CPU
		{991EDF6F-5D86-4D32-ABDF-FD6B93E2FF68}.Release|Any CPU.Build.0 = Release|Any CPU
		{4ED5EA46-F9D5-4F7A-A8A8-4EF5A6D069C4}.Debug|Any CPU.ActiveCfg = Debug|Any CPU
		{4ED5EA46-F9D5-4F7A-A8A8-4EF5A6D069C4}.Debug|Any CPU.Build.0 = Debug|Any CPU
		{4ED5EA46-F9D5-4F7A-A8A8-4EF5A6D069C4}.Release|Any CPU.ActiveCfg = Release|Any CPU
		{4ED5EA46-F9D5-4F7A-A8A8-4EF5A6D069C4}.Release|Any CPU.Build.0 = Release|Any CPU
		{C21B4C9A-7DF6-4FD2-9E53-C5ED22178FC5}.Debug|Any CPU.ActiveCfg = Debug|Any CPU
		{C21B4C9A-7DF6-4FD2-9E53-C5ED22178FC5}.Debug|Any CPU.Build.0 = Debug|Any CPU
		{C21B4C9A-7DF6-4FD2-9E53-C5ED22178FC5}.Release|Any CPU.ActiveCfg = Release|Any CPU
		{C21B4C9A-7DF6-4FD2-9E53-C5ED22178FC5}.Release|Any CPU.Build.0 = Release|Any CPU
		{9E817209-D73B-4FAF-B33F-605EA503DCAA}.Debug|Any CPU.ActiveCfg = Debug|Any CPU
		{9E817209-D73B-4FAF-B33F-605EA503DCAA}.Debug|Any CPU.Build.0 = Debug|Any CPU
		{9E817209-D73B-4FAF-B33F-605EA503DCAA}.Release|Any CPU.ActiveCfg = Release|Any CPU
		{9E817209-D73B-4FAF-B33F-605EA503DCAA}.Release|Any CPU.Build.0 = Release|Any CPU
		{CDEF3460-5AE5-4368-8BC2-A01C4A976D1A}.Debug|Any CPU.ActiveCfg = Debug|Any CPU
		{CDEF3460-5AE5-4368-8BC2-A01C4A976D1A}.Debug|Any CPU.Build.0 = Debug|Any CPU
		{CDEF3460-5AE5-4368-8BC2-A01C4A976D1A}.Release|Any CPU.ActiveCfg = Release|Any CPU
		{CDEF3460-5AE5-4368-8BC2-A01C4A976D1A}.Release|Any CPU.Build.0 = Release|Any CPU
	EndGlobalSection
	GlobalSection(SolutionProperties) = preSolution
		HideSolutionNode = FALSE
	EndGlobalSection
	GlobalSection(ExtensibilityGlobals) = postSolution
		SolutionGuid = {AFBA954E-09FB-47A1-8FE8-D1C9FDDC6441}
	EndGlobalSection
	GlobalSection(NestedProjects) = preSolution
		{4ED5EA46-F9D5-4F7A-A8A8-4EF5A6D069C4} = {0A6681A9-F47B-43A1-898C-11AB95118561}
		{EEF22EB1-B0AD-4F77-B529-F0B3606D367F} = {0A6681A9-F47B-43A1-898C-11AB95118561}
		{EAE9D819-963F-45C6-AB2D-D5E2BF807CC0} = {0A6681A9-F47B-43A1-898C-11AB95118561}
		{B85B16BC-C3E0-403B-8A53-BB5F2DEF51D8} = {0A6681A9-F47B-43A1-898C-11AB95118561}
		{991EDF6F-5D86-4D32-ABDF-FD6B93E2FF68} = {EAA0D9E3-8F13-4D48-BB7A-3C0AD2B40F4C}
		{C21B4C9A-7DF6-4FD2-9E53-C5ED22178FC5} = {EAA0D9E3-8F13-4D48-BB7A-3C0AD2B40F4C}
		{9E817209-D73B-4FAF-B33F-605EA503DCAA} = {EAA0D9E3-8F13-4D48-BB7A-3C0AD2B40F4C}
		{CDEF3460-5AE5-4368-8BC2-A01C4A976D1A} = {0A6681A9-F47B-43A1-898C-11AB95118561}
	EndGlobalSection
EndGlobal
