
Microsoft Visual Studio Solution File, Format Version 12.00
# Visual Studio Version 16
VisualStudioVersion = 16.0.32002.261
MinimumVisualStudioVersion = 10.0.40219.1
Project("{9A19103F-16F7-4668-BE54-9A1E7A4F7556}") = "FlyingPizza", "FlyingPizza\FlyingPizza.csproj", "{B85B16BC-C3E0-403B-8A53-BB5F2DEF51D8}"
EndProject
Project("{9A19103F-16F7-4668-BE54-9A1E7A4F7556}") = "Drone.Tests", "Drone.Tests\Drone.Tests.csproj", "{EEF22EB1-B0AD-4F77-B529-F0B3606D367F}"
EndProject
Project("{FAE04EC0-301F-11D3-BF4B-00C04F79EFBC}") = "DroneDispatcher", "DroneDispatcher\DroneDispatcher\DroneDispatcher.csproj", "{7EFC218E-249C-4D7F-A3BB-AA2742B04C75}"
EndProject
Project("{FAE04EC0-301F-11D3-BF4B-00C04F79EFBC}") = "scratch", "scratch\scratch.csproj", "{E43F4FA0-B997-414F-87EB-6B6AFE4A83E6}"
EndProject
Global
	GlobalSection(SolutionConfigurationPlatforms) = preSolution
		Debug|Any CPU = Debug|Any CPU
		Release|Any CPU = Release|Any CPU
	EndGlobalSection
	GlobalSection(ProjectConfigurationPlatforms) = postSolution
		{B85B16BC-C3E0-403B-8A53-BB5F2DEF51D8}.Debug|Any CPU.ActiveCfg = Debug|Any CPU
		{B85B16BC-C3E0-403B-8A53-BB5F2DEF51D8}.Debug|Any CPU.Build.0 = Debug|Any CPU
		{B85B16BC-C3E0-403B-8A53-BB5F2DEF51D8}.Release|Any CPU.ActiveCfg = Release|Any CPU
		{B85B16BC-C3E0-403B-8A53-BB5F2DEF51D8}.Release|Any CPU.Build.0 = Release|Any CPU
		{EEF22EB1-B0AD-4F77-B529-F0B3606D367F}.Debug|Any CPU.ActiveCfg = Debug|Any CPU
		{EEF22EB1-B0AD-4F77-B529-F0B3606D367F}.Debug|Any CPU.Build.0 = Debug|Any CPU
		{EEF22EB1-B0AD-4F77-B529-F0B3606D367F}.Release|Any CPU.ActiveCfg = Release|Any CPU
		{EEF22EB1-B0AD-4F77-B529-F0B3606D367F}.Release|Any CPU.Build.0 = Release|Any CPU
		{7EFC218E-249C-4D7F-A3BB-AA2742B04C75}.Debug|Any CPU.ActiveCfg = Debug|Any CPU
		{7EFC218E-249C-4D7F-A3BB-AA2742B04C75}.Debug|Any CPU.Build.0 = Debug|Any CPU
		{7EFC218E-249C-4D7F-A3BB-AA2742B04C75}.Release|Any CPU.ActiveCfg = Release|Any CPU
		{7EFC218E-249C-4D7F-A3BB-AA2742B04C75}.Release|Any CPU.Build.0 = Release|Any CPU
		{E43F4FA0-B997-414F-87EB-6B6AFE4A83E6}.Debug|Any CPU.ActiveCfg = Debug|Any CPU
		{E43F4FA0-B997-414F-87EB-6B6AFE4A83E6}.Debug|Any CPU.Build.0 = Debug|Any CPU
		{E43F4FA0-B997-414F-87EB-6B6AFE4A83E6}.Release|Any CPU.ActiveCfg = Release|Any CPU
		{E43F4FA0-B997-414F-87EB-6B6AFE4A83E6}.Release|Any CPU.Build.0 = Release|Any CPU
	EndGlobalSection
	GlobalSection(SolutionProperties) = preSolution
		HideSolutionNode = FALSE
	EndGlobalSection
	GlobalSection(ExtensibilityGlobals) = postSolution
		SolutionGuid = {AFBA954E-09FB-47A1-8FE8-D1C9FDDC6441}
	EndGlobalSection
EndGlobal
